
Microsoft Visual Studio Solution File, Format Version 12.00
# Visual Studio 14
VisualStudioVersion = 14.0.23107.0
MinimumVisualStudioVersion = 10.0.40219.1
Project("{8BC9CEB8-8B4A-11D0-8D11-00A0C91BC942}") = "SpaceColonizerGame", "SpaceColonizerGame\SpaceColonizerGame.vcxproj", "{DB8408AC-4E1F-495F-BAEF-F123FB7903BA}"
EndProject
Project("{8BC9CEB8-8B4A-11D0-8D11-00A0C91BC942}") = "UnitTests", "UnitTests\UnitTests.vcxproj", "{453C1953-B9E5-4CE0-9A87-C271B795F952}"
EndProject
Global
	GlobalSection(SolutionConfigurationPlatforms) = preSolution
		Debug|x64 = Debug|x64
		Debug|x86 = Debug|x86
		Release|x64 = Release|x64
		Release|x86 = Release|x86
	EndGlobalSection
	GlobalSection(ProjectConfigurationPlatforms) = postSolution
		{DB8408AC-4E1F-495F-BAEF-F123FB7903BA}.Debug|x64.ActiveCfg = Debug|x64
		{DB8408AC-4E1F-495F-BAEF-F123FB7903BA}.Debug|x64.Build.0 = Debug|x64
		{DB8408AC-4E1F-495F-BAEF-F123FB7903BA}.Debug|x86.ActiveCfg = Debug|Win32
		{DB8408AC-4E1F-495F-BAEF-F123FB7903BA}.Debug|x86.Build.0 = Debug|Win32
		{DB8408AC-4E1F-495F-BAEF-F123FB7903BA}.Release|x64.ActiveCfg = Release|x64
		{DB8408AC-4E1F-495F-BAEF-F123FB7903BA}.Release|x64.Build.0 = Release|x64
		{DB8408AC-4E1F-495F-BAEF-F123FB7903BA}.Release|x86.ActiveCfg = Release|Win32
		{DB8408AC-4E1F-495F-BAEF-F123FB7903BA}.Release|x86.Build.0 = Release|Win32
		{453C1953-B9E5-4CE0-9A87-C271B795F952}.Debug|x64.ActiveCfg = Debug|x64
		{453C1953-B9E5-4CE0-9A87-C271B795F952}.Debug|x64.Build.0 = Debug|x64
		{453C1953-B9E5-4CE0-9A87-C271B795F952}.Debug|x86.ActiveCfg = Debug|Win32
		{453C1953-B9E5-4CE0-9A87-C271B795F952}.Debug|x86.Build.0 = Debug|Win32
		{453C1953-B9E5-4CE0-9A87-C271B795F952}.Release|x64.ActiveCfg = Release|x64
		{453C1953-B9E5-4CE0-9A87-C271B795F952}.Release|x64.Build.0 = Release|x64
		{453C1953-B9E5-4CE0-9A87-C271B795F952}.Release|x86.ActiveCfg = Release|Win32
		{453C1953-B9E5-4CE0-9A87-C271B795F952}.Release|x86.Build.0 = Release|Win32
	EndGlobalSection
	GlobalSection(SolutionProperties) = preSolution
		HideSolutionNode = FALSE
	EndGlobalSection
EndGlobal
